// !$*UTF8*$!
{
	archiveVersion = 1;
	classes = {
	};
	objectVersion = 46;
	objects = {

/* Begin PBXBuildFile section */
		804C09051CFFA6D800A4ABBB /* AppDelegate.swift in Sources */ = {isa = PBXBuildFile; fileRef = 804C09041CFFA6D800A4ABBB /* AppDelegate.swift */; };
		804C09071CFFA6D800A4ABBB /* ViewController.swift in Sources */ = {isa = PBXBuildFile; fileRef = 804C09061CFFA6D800A4ABBB /* ViewController.swift */; };
		804C090A1CFFA6D800A4ABBB /* Main.storyboard in Resources */ = {isa = PBXBuildFile; fileRef = 804C09081CFFA6D800A4ABBB /* Main.storyboard */; };
		804C090C1CFFA6D800A4ABBB /* Assets.xcassets in Resources */ = {isa = PBXBuildFile; fileRef = 804C090B1CFFA6D800A4ABBB /* Assets.xcassets */; };
		804C090F1CFFA6D800A4ABBB /* LaunchScreen.storyboard in Resources */ = {isa = PBXBuildFile; fileRef = 804C090D1CFFA6D800A4ABBB /* LaunchScreen.storyboard */; };
		806FE3E81D00E83300633218 /* monsterImg.swift in Sources */ = {isa = PBXBuildFile; fileRef = 806FE3E71D00E83300633218 /* monsterImg.swift */; };
		808797F71D0140A3005E827C /* bite.wav in Resources */ = {isa = PBXBuildFile; fileRef = 808797F31D0140A3005E827C /* bite.wav */; };
		808797F81D0140A3005E827C /* cave-music.mp3 in Resources */ = {isa = PBXBuildFile; fileRef = 808797F41D0140A3005E827C /* cave-music.mp3 */; };
		808797F91D0140A3005E827C /* death.wav in Resources */ = {isa = PBXBuildFile; fileRef = 808797F51D0140A3005E827C /* death.wav */; };
		808797FA1D0140A3005E827C /* skull.wav in Resources */ = {isa = PBXBuildFile; fileRef = 808797F61D0140A3005E827C /* skull.wav */; };
		808797FC1D0142EC005E827C /* heart.wav in Resources */ = {isa = PBXBuildFile; fileRef = 808797FB1D0142EC005E827C /* heart.wav */; };
		80B9083A1D00B997005554B3 /* dragImg.swift in Sources */ = {isa = PBXBuildFile; fileRef = 80B908391D00B997005554B3 /* dragImg.swift */; };
/* End PBXBuildFile section */

/* Begin PBXFileReference section */
		804C09011CFFA6D800A4ABBB /* Digital Monster.app */ = {isa = PBXFileReference; explicitFileType = wrapper.application; includeInIndex = 0; path = "Digital Monster.app"; sourceTree = BUILT_PRODUCTS_DIR; };
		804C09041CFFA6D800A4ABBB /* AppDelegate.swift */ = {isa = PBXFileReference; lastKnownFileType = sourcecode.swift; path = AppDelegate.swift; sourceTree = "<group>"; };
		804C09061CFFA6D800A4ABBB /* ViewController.swift */ = {isa = PBXFileReference; lastKnownFileType = sourcecode.swift; path = ViewController.swift; sourceTree = "<group>"; };
		804C09091CFFA6D800A4ABBB /* Base */ = {isa = PBXFileReference; lastKnownFileType = file.storyboard; name = Base; path = Base.lproj/Main.storyboard; sourceTree = "<group>"; };
		804C090B1CFFA6D800A4ABBB /* Assets.xcassets */ = {isa = PBXFileReference; lastKnownFileType = folder.assetcatalog; path = Assets.xcassets; sourceTree = "<group>"; };
		804C090E1CFFA6D800A4ABBB /* Base */ = {isa = PBXFileReference; lastKnownFileType = file.storyboard; name = Base; path = Base.lproj/LaunchScreen.storyboard; sourceTree = "<group>"; };
		804C09101CFFA6D800A4ABBB /* Info.plist */ = {isa = PBXFileReference; lastKnownFileType = text.plist.xml; path = Info.plist; sourceTree = "<group>"; };
		806FE3E71D00E83300633218 /* monsterImg.swift */ = {isa = PBXFileReference; fileEncoding = 4; lastKnownFileType = sourcecode.swift; path = monsterImg.swift; sourceTree = "<group>"; };
		808797F31D0140A3005E827C /* bite.wav */ = {isa = PBXFileReference; lastKnownFileType = audio.wav; path = bite.wav; sourceTree = "<group>"; };
		808797F41D0140A3005E827C /* cave-music.mp3 */ = {isa = PBXFileReference; lastKnownFileType = audio.mp3; path = "cave-music.mp3"; sourceTree = "<group>"; };
		808797F51D0140A3005E827C /* death.wav */ = {isa = PBXFileReference; lastKnownFileType = audio.wav; path = death.wav; sourceTree = "<group>"; };
		808797F61D0140A3005E827C /* skull.wav */ = {isa = PBXFileReference; lastKnownFileType = audio.wav; path = skull.wav; sourceTree = "<group>"; };
		808797FB1D0142EC005E827C /* heart.wav */ = {isa = PBXFileReference; lastKnownFileType = audio.wav; path = heart.wav; sourceTree = "<group>"; };
		80B908391D00B997005554B3 /* dragImg.swift */ = {isa = PBXFileReference; fileEncoding = 4; lastKnownFileType = sourcecode.swift; path = dragImg.swift; sourceTree = "<group>"; };
/* End PBXFileReference section */

/* Begin PBXFrameworksBuildPhase section */
		804C08FE1CFFA6D800A4ABBB /* Frameworks */ = {
			isa = PBXFrameworksBuildPhase;
			buildActionMask = 2147483647;
			files = (
			);
			runOnlyForDeploymentPostprocessing = 0;
		};
/* End PBXFrameworksBuildPhase section */

/* Begin PBXGroup section */
		804C08F81CFFA6D800A4ABBB = {
			isa = PBXGroup;
			children = (
				804C09031CFFA6D800A4ABBB /* Digital Monster */,
				804C09021CFFA6D800A4ABBB /* Products */,
			);
			sourceTree = "<group>";
		};
		804C09021CFFA6D800A4ABBB /* Products */ = {
			isa = PBXGroup;
			children = (
				804C09011CFFA6D800A4ABBB /* Digital Monster.app */,
			);
			name = Products;
			sourceTree = "<group>";
		};
		804C09031CFFA6D800A4ABBB /* Digital Monster */ = {
			isa = PBXGroup;
			children = (
				804C09041CFFA6D800A4ABBB /* AppDelegate.swift */,
				804C09061CFFA6D800A4ABBB /* ViewController.swift */,
				80B908391D00B997005554B3 /* dragImg.swift */,
				806FE3E71D00E83300633218 /* monsterImg.swift */,
				804C09081CFFA6D800A4ABBB /* Main.storyboard */,
				804C090D1CFFA6D800A4ABBB /* LaunchScreen.storyboard */,
				804C090B1CFFA6D800A4ABBB /* Assets.xcassets */,
				808797F31D0140A3005E827C /* bite.wav */,
				808797F41D0140A3005E827C /* cave-music.mp3 */,
				808797F51D0140A3005E827C /* death.wav */,
				808797FB1D0142EC005E827C /* heart.wav */,
				808797F61D0140A3005E827C /* skull.wav */,
				804C09101CFFA6D800A4ABBB /* Info.plist */,
			);
			path = "Digital Monster";
			sourceTree = "<group>";
		};
/* End PBXGroup section */

/* Begin PBXNativeTarget section */
		804C09001CFFA6D800A4ABBB /* Digital Monster */ = {
			isa = PBXNativeTarget;
			buildConfigurationList = 804C09131CFFA6D800A4ABBB /* Build configuration list for PBXNativeTarget "Digital Monster" */;
			buildPhases = (
				804C08FD1CFFA6D800A4ABBB /* Sources */,
				804C08FE1CFFA6D800A4ABBB /* Frameworks */,
				804C08FF1CFFA6D800A4ABBB /* Resources */,
			);
			buildRules = (
			);
			dependencies = (
			);
			name = "Digital Monster";
			productName = "Digital Monster";
			productReference = 804C09011CFFA6D800A4ABBB /* Digital Monster.app */;
			productType = "com.apple.product-type.application";
		};
/* End PBXNativeTarget section */

/* Begin PBXProject section */
		804C08F91CFFA6D800A4ABBB /* Project object */ = {
			isa = PBXProject;
			attributes = {
				LastSwiftUpdateCheck = 0730;
				LastUpgradeCheck = 0730;
				ORGANIZATIONNAME = "Daniel Stagnaro";
				TargetAttributes = {
					804C09001CFFA6D800A4ABBB = {
						CreatedOnToolsVersion = 7.3.1;
						DevelopmentTeam = 8VDD8AKFJ8;
					};
				};
			};
			buildConfigurationList = 804C08FC1CFFA6D800A4ABBB /* Build configuration list for PBXProject "Digital Monster" */;
			compatibilityVersion = "Xcode 3.2";
			developmentRegion = English;
			hasScannedForEncodings = 0;
			knownRegions = (
				en,
				Base,
			);
			mainGroup = 804C08F81CFFA6D800A4ABBB;
			productRefGroup = 804C09021CFFA6D800A4ABBB /* Products */;
			projectDirPath = "";
			projectRoot = "";
			targets = (
				804C09001CFFA6D800A4ABBB /* Digital Monster */,
			);
		};
/* End PBXProject section */

/* Begin PBXResourcesBuildPhase section */
		804C08FF1CFFA6D800A4ABBB /* Resources */ = {
			isa = PBXResourcesBuildPhase;
			buildActionMask = 2147483647;
			files = (
				808797F71D0140A3005E827C /* bite.wav in Resources */,
				808797FC1D0142EC005E827C /* heart.wav in Resources */,
				808797F91D0140A3005E827C /* death.wav in Resources */,
				808797FA1D0140A3005E827C /* skull.wav in Resources */,
				808797F81D0140A3005E827C /* cave-music.mp3 in Resources */,
				804C090F1CFFA6D800A4ABBB /* LaunchScreen.storyboard in Resources */,
				804C090C1CFFA6D800A4ABBB /* Assets.xcassets in Resources */,
				804C090A1CFFA6D800A4ABBB /* Main.storyboard in Resources */,
			);
			runOnlyForDeploymentPostprocessing = 0;
		};
/* End PBXResourcesBuildPhase section */

/* Begin PBXSourcesBuildPhase section */
		804C08FD1CFFA6D800A4ABBB /* Sources */ = {
			isa = PBXSourcesBuildPhase;
			buildActionMask = 2147483647;
			files = (
				806FE3E81D00E83300633218 /* monsterImg.swift in Sources */,
				804C09071CFFA6D800A4ABBB /* ViewController.swift in Sources */,
				80B9083A1D00B997005554B3 /* dragImg.swift in Sources */,
				804C09051CFFA6D800A4ABBB /* AppDelegate.swift in Sources */,
			);
			runOnlyForDeploymentPostprocessing = 0;
		};
/* End PBXSourcesBuildPhase section */

/* Begin PBXVariantGroup section */
		804C09081CFFA6D800A4ABBB /* Main.storyboard */ = {
			isa = PBXVariantGroup;
			children = (
				804C09091CFFA6D800A4ABBB /* Base */,
			);
			name = Main.storyboard;
			sourceTree = "<group>";
		};
		804C090D1CFFA6D800A4ABBB /* LaunchScreen.storyboard */ = {
			isa = PBXVariantGroup;
			children = (
				804C090E1CFFA6D800A4ABBB /* Base */,
			);
			name = LaunchScreen.storyboard;
			sourceTree = "<group>";
		};
/* End PBXVariantGroup section */

/* Begin XCBuildConfiguration section */
		804C09111CFFA6D800A4ABBB /* Debug */ = {
			isa = XCBuildConfiguration;
			buildSettings = {
				ALWAYS_SEARCH_USER_PATHS = NO;
				CLANG_ANALYZER_NONNULL = YES;
				CLANG_CXX_LANGUAGE_STANDARD = "gnu++0x";
				CLANG_CXX_LIBRARY = "libc++";
				CLANG_ENABLE_MODULES = YES;
				CLANG_ENABLE_OBJC_ARC = YES;
				CLANG_WARN_BOOL_CONVERSION = YES;
				CLANG_WARN_CONSTANT_CONVERSION = YES;
				CLANG_WARN_DIRECT_OBJC_ISA_USAGE = YES_ERROR;
				CLANG_WARN_EMPTY_BODY = YES;
				CLANG_WARN_ENUM_CONVERSION = YES;
				CLANG_WARN_INT_CONVERSION = YES;
				CLANG_WARN_OBJC_ROOT_CLASS = YES_ERROR;
				CLANG_WARN_UNREACHABLE_CODE = YES;
				CLANG_WARN__DUPLICATE_METHOD_MATCH = YES;
				"CODE_SIGN_IDENTITY[sdk=iphoneos*]" = "iPhone Developer";
				COPY_PHASE_STRIP = NO;
				DEBUG_INFORMATION_FORMAT = dwarf;
				ENABLE_STRICT_OBJC_MSGSEND = YES;
				ENABLE_TESTABILITY = YES;
				GCC_C_LANGUAGE_STANDARD = gnu99;
				GCC_DYNAMIC_NO_PIC = NO;
				GCC_NO_COMMON_BLOCKS = YES;
				GCC_OPTIMIZATION_LEVEL = 0;
				GCC_PREPROCESSOR_DEFINITIONS = (
					"DEBUG=1",
					"$(inherited)",
				);
				GCC_WARN_64_TO_32_BIT_CONVERSION = YES;
				GCC_WARN_ABOUT_RETURN_TYPE = YES_ERROR;
				GCC_WARN_UNDECLARED_SELECTOR = YES;
				GCC_WARN_UNINITIALIZED_AUTOS = YES_AGGRESSIVE;
				GCC_WARN_UNUSED_FUNCTION = YES;
				GCC_WARN_UNUSED_VARIABLE = YES;
				IPHONEOS_DEPLOYMENT_TARGET = 9.3;
				MTL_ENABLE_DEBUG_INFO = YES;
				ONLY_ACTIVE_ARCH = YES;
				SDKROOT = iphoneos;
				SWIFT_OPTIMIZATION_LEVEL = "-Onone";
			};
			name = Debug;
		};
		804C09121CFFA6D800A4ABBB /* Release */ = {
			isa = XCBuildConfiguration;
			buildSettings = {
				ALWAYS_SEARCH_USER_PATHS = NO;
				CLANG_ANALYZER_NONNULL = YES;
				CLANG_CXX_LANGUAGE_STANDARD = "gnu++0x";
				CLANG_CXX_LIBRARY = "libc++";
				CLANG_ENABLE_MODULES = YES;
				CLANG_ENABLE_OBJC_ARC = YES;
				CLANG_WARN_BOOL_CONVERSION = YES;
				CLANG_WARN_CONSTANT_CONVERSION = YES;
				CLANG_WARN_DIRECT_OBJC_ISA_USAGE = YES_ERROR;
				CLANG_WARN_EMPTY_BODY = YES;
				CLANG_WARN_ENUM_CONVERSION = YES;
				CLANG_WARN_INT_CONVERSION = YES;
				CLANG_WARN_OBJC_ROOT_CLASS = YES_ERROR;
				CLANG_WARN_UNREACHABLE_CODE = YES;
				CLANG_WARN__DUPLICATE_METHOD_MATCH = YES;
				"CODE_SIGN_IDENTITY[sdk=iphoneos*]" = "iPhone Developer";
				COPY_PHASE_STRIP = NO;
				DEBUG_INFORMATION_FORMAT = "dwarf-with-dsym";
				ENABLE_NS_ASSERTIONS = NO;
				ENABLE_STRICT_OBJC_MSGSEND = YES;
				GCC_C_LANGUAGE_STANDARD = gnu99;
				GCC_NO_COMMON_BLOCKS = YES;
				GCC_WARN_64_TO_32_BIT_CONVERSION = YES;
				GCC_WARN_ABOUT_RETURN_TYPE = YES_ERROR;
				GCC_WARN_UNDECLARED_SELECTOR = YES;
				GCC_WARN_UNINITIALIZED_AUTOS = YES_AGGRESSIVE;
				GCC_WARN_UNUSED_FUNCTION = YES;
				GCC_WARN_UNUSED_VARIABLE = YES;
				IPHONEOS_DEPLOYMENT_TARGET = 9.3;
				MTL_ENABLE_DEBUG_INFO = NO;
				SDKROOT = iphoneos;
				VALIDATE_PRODUCT = YES;
			};
			name = Release;
		};
		804C09141CFFA6D800A4ABBB /* Debug */ = {
			isa = XCBuildConfiguration;
			buildSettings = {
				ASSETCATALOG_COMPILER_APPICON_NAME = AppIcon;
				INFOPLIST_FILE = "Digital Monster/Info.plist";
				LD_RUNPATH_SEARCH_PATHS = "$(inherited) @executable_path/Frameworks";
				PRODUCT_BUNDLE_IDENTIFIER = "com.DanielStagnaro.Digital-Monster";
				PRODUCT_NAME = "$(TARGET_NAME)";
			};
			name = Debug;
		};
		804C09151CFFA6D800A4ABBB /* Release */ = {
			isa = XCBuildConfiguration;
			buildSettings = {
				ASSETCATALOG_COMPILER_APPICON_NAME = AppIcon;
				INFOPLIST_FILE = "Digital Monster/Info.plist";
				LD_RUNPATH_SEARCH_PATHS = "$(inherited) @executable_path/Frameworks";
				PRODUCT_BUNDLE_IDENTIFIER = "com.DanielStagnaro.Digital-Monster";
				PRODUCT_NAME = "$(TARGET_NAME)";
			};
			name = Release;
		};
/* End XCBuildConfiguration section */

/* Begin XCConfigurationList section */
		804C08FC1CFFA6D800A4ABBB /* Build configuration list for PBXProject "Digital Monster" */ = {
			isa = XCConfigurationList;
			buildConfigurations = (
				804C09111CFFA6D800A4ABBB /* Debug */,
				804C09121CFFA6D800A4ABBB /* Release */,
			);
			defaultConfigurationIsVisible = 0;
			defaultConfigurationName = Release;
		};
		804C09131CFFA6D800A4ABBB /* Build configuration list for PBXNativeTarget "Digital Monster" */ = {
			isa = XCConfigurationList;
			buildConfigurations = (
				804C09141CFFA6D800A4ABBB /* Debug */,
				804C09151CFFA6D800A4ABBB /* Release */,
			);
			defaultConfigurationIsVisible = 0;
			defaultConfigurationName = Release;
		};
/* End XCConfigurationList section */
	};
	rootObject = 804C08F91CFFA6D800A4ABBB /* Project object */;
}
